{
  "originHash" : "575ceda59ea9d2529bfa205bc33af6f0cd3046b38c1bb8346a450a60ae2d50f2",
  "pins" : [
    {
      "identity" : "generative-ai-swift",
      "kind" : "remoteSourceControl",
      "location" : "https://github.com/google/generative-ai-swift",
      "state" : {
        "revision" : "5d750b80651da9721c37c5eb1fc0b6750d1884d3",
        "version" : "0.5.3"
      }
    },
    {
      "identity" : "sdwebimage",
      "kind" : "remoteSourceControl",
      "location" : "https://github.com/SDWebImage/SDWebImage",
      "state" : {
        "revision" : "5642d1ffe3dbe628592443bd14154e31929727b4",
        "version" : "5.19.2"
      }
    }
  ],
  "version" : 3
}
