// !$*UTF8*$!
{
	archiveVersion = 1;
	classes = {
	};
	objectVersion = 56;
	objects = {

/* Begin PBXBuildFile section */
		DD6650F22BF7F60A00E4FA4A /* AppDelegate.swift in Sources */ = {isa = PBXBuildFile; fileRef = DD6650F12BF7F60A00E4FA4A /* AppDelegate.swift */; };
		DD6650F42BF7F60A00E4FA4A /* SceneDelegate.swift in Sources */ = {isa = PBXBuildFile; fileRef = DD6650F32BF7F60A00E4FA4A /* SceneDelegate.swift */; };
		DD6650F62BF7F60A00E4FA4A /* HomeViewController.swift in Sources */ = {isa = PBXBuildFile; fileRef = DD6650F52BF7F60A00E4FA4A /* HomeViewController.swift */; };
		DD6650F92BF7F60A00E4FA4A /* Base in Resources */ = {isa = PBXBuildFile; fileRef = DD6650F82BF7F60A00E4FA4A /* Base */; };
		DD6650FC2BF7F60A00E4FA4A /* GameList.xcdatamodeld in Sources */ = {isa = PBXBuildFile; fileRef = DD6650FA2BF7F60A00E4FA4A /* GameList.xcdatamodeld */; };
		DD6650FE2BF7F60C00E4FA4A /* Assets.xcassets in Resources */ = {isa = PBXBuildFile; fileRef = DD6650FD2BF7F60C00E4FA4A /* Assets.xcassets */; };
		DD6651012BF7F60C00E4FA4A /* Base in Resources */ = {isa = PBXBuildFile; fileRef = DD6651002BF7F60C00E4FA4A /* Base */; };
		DD6651092BF7F63000E4FA4A /* NetworkManager.swift in Sources */ = {isa = PBXBuildFile; fileRef = DD6651082BF7F63000E4FA4A /* NetworkManager.swift */; };
		DD66510B2BF80A1100E4FA4A /* GameModel.swift in Sources */ = {isa = PBXBuildFile; fileRef = DD66510A2BF80A1100E4FA4A /* GameModel.swift */; };
		DD6651102BF816F500E4FA4A /* ImageViewExtension.swift in Sources */ = {isa = PBXBuildFile; fileRef = DD66510F2BF816F500E4FA4A /* ImageViewExtension.swift */; };
		DD66511B2BF90F6300E4FA4A /* GameCell.xib in Resources */ = {isa = PBXBuildFile; fileRef = DD66511A2BF90F6300E4FA4A /* GameCell.xib */; };
		DD66511C2BF90F6300E4FA4A /* GameCell.swift in Sources */ = {isa = PBXBuildFile; fileRef = DD6651192BF90F6300E4FA4A /* GameCell.swift */; };
		DD66511E2BF910B000E4FA4A /* HexToColorExtension.swift in Sources */ = {isa = PBXBuildFile; fileRef = DD66511D2BF910B000E4FA4A /* HexToColorExtension.swift */; };
		DD6651212BF9288C00E4FA4A /* SDWebImage in Frameworks */ = {isa = PBXBuildFile; productRef = DD6651202BF9288C00E4FA4A /* SDWebImage */; };
		DD6651232BF9288C00E4FA4A /* SDWebImageMapKit in Frameworks */ = {isa = PBXBuildFile; productRef = DD6651222BF9288C00E4FA4A /* SDWebImageMapKit */; };
		DD66512A2BF92E3800E4FA4A /* OldGameFatty.ttf in Resources */ = {isa = PBXBuildFile; fileRef = DD6651292BF92E3800E4FA4A /* OldGameFatty.ttf */; };
		DD66513D2BF9485C00E4FA4A /* PermanentMarker-Regular.ttf in Resources */ = {isa = PBXBuildFile; fileRef = DD66513C2BF9485C00E4FA4A /* PermanentMarker-Regular.ttf */; };
/* End PBXBuildFile section */

/* Begin PBXFileReference section */
		DD6650EE2BF7F60A00E4FA4A /* GameList.app */ = {isa = PBXFileReference; explicitFileType = wrapper.application; includeInIndex = 0; path = GameList.app; sourceTree = BUILT_PRODUCTS_DIR; };
		DD6650F12BF7F60A00E4FA4A /* AppDelegate.swift */ = {isa = PBXFileReference; lastKnownFileType = sourcecode.swift; path = AppDelegate.swift; sourceTree = "<group>"; };
		DD6650F32BF7F60A00E4FA4A /* SceneDelegate.swift */ = {isa = PBXFileReference; lastKnownFileType = sourcecode.swift; path = SceneDelegate.swift; sourceTree = "<group>"; };
		DD6650F52BF7F60A00E4FA4A /* HomeViewController.swift */ = {isa = PBXFileReference; lastKnownFileType = sourcecode.swift; path = HomeViewController.swift; sourceTree = "<group>"; };
		DD6650F82BF7F60A00E4FA4A /* Base */ = {isa = PBXFileReference; lastKnownFileType = file.storyboard; name = Base; path = Base.lproj/Main.storyboard; sourceTree = "<group>"; };
		DD6650FB2BF7F60A00E4FA4A /* GameList.xcdatamodel */ = {isa = PBXFileReference; lastKnownFileType = wrapper.xcdatamodel; path = GameList.xcdatamodel; sourceTree = "<group>"; };
		DD6650FD2BF7F60C00E4FA4A /* Assets.xcassets */ = {isa = PBXFileReference; lastKnownFileType = folder.assetcatalog; path = Assets.xcassets; sourceTree = "<group>"; };
		DD6651002BF7F60C00E4FA4A /* Base */ = {isa = PBXFileReference; lastKnownFileType = file.storyboard; name = Base; path = Base.lproj/LaunchScreen.storyboard; sourceTree = "<group>"; };
		DD6651022BF7F60C00E4FA4A /* Info.plist */ = {isa = PBXFileReference; lastKnownFileType = text.plist.xml; path = Info.plist; sourceTree = "<group>"; };
		DD6651082BF7F63000E4FA4A /* NetworkManager.swift */ = {isa = PBXFileReference; lastKnownFileType = sourcecode.swift; path = NetworkManager.swift; sourceTree = "<group>"; };
		DD66510A2BF80A1100E4FA4A /* GameModel.swift */ = {isa = PBXFileReference; lastKnownFileType = sourcecode.swift; path = GameModel.swift; sourceTree = "<group>"; };
		DD66510F2BF816F500E4FA4A /* ImageViewExtension.swift */ = {isa = PBXFileReference; lastKnownFileType = sourcecode.swift; path = ImageViewExtension.swift; sourceTree = "<group>"; };
		DD6651192BF90F6300E4FA4A /* GameCell.swift */ = {isa = PBXFileReference; lastKnownFileType = sourcecode.swift; path = GameCell.swift; sourceTree = "<group>"; };
		DD66511A2BF90F6300E4FA4A /* GameCell.xib */ = {isa = PBXFileReference; lastKnownFileType = file.xib; path = GameCell.xib; sourceTree = "<group>"; };
		DD66511D2BF910B000E4FA4A /* HexToColorExtension.swift */ = {isa = PBXFileReference; lastKnownFileType = sourcecode.swift; path = HexToColorExtension.swift; sourceTree = "<group>"; };
		DD6651292BF92E3800E4FA4A /* OldGameFatty.ttf */ = {isa = PBXFileReference; lastKnownFileType = file; path = OldGameFatty.ttf; sourceTree = "<group>"; };
		DD66513C2BF9485C00E4FA4A /* PermanentMarker-Regular.ttf */ = {isa = PBXFileReference; lastKnownFileType = file; path = "PermanentMarker-Regular.ttf"; sourceTree = "<group>"; };
/* End PBXFileReference section */

/* Begin PBXFrameworksBuildPhase section */
		DD6650EB2BF7F60A00E4FA4A /* Frameworks */ = {
			isa = PBXFrameworksBuildPhase;
			buildActionMask = 2147483647;
			files = (
				DD6651232BF9288C00E4FA4A /* SDWebImageMapKit in Frameworks */,
				DD6651212BF9288C00E4FA4A /* SDWebImage in Frameworks */,
			);
			runOnlyForDeploymentPostprocessing = 0;
		};
/* End PBXFrameworksBuildPhase section */

/* Begin PBXGroup section */
		DD6650E52BF7F60A00E4FA4A = {
			isa = PBXGroup;
			children = (
				DD6650F02BF7F60A00E4FA4A /* GameList */,
				DD6650EF2BF7F60A00E4FA4A /* Products */,
			);
			sourceTree = "<group>";
		};
		DD6650EF2BF7F60A00E4FA4A /* Products */ = {
			isa = PBXGroup;
			children = (
				DD6650EE2BF7F60A00E4FA4A /* GameList.app */,
			);
			name = Products;
			sourceTree = "<group>";
		};
		DD6650F02BF7F60A00E4FA4A /* GameList */ = {
			isa = PBXGroup;
			children = (
				DD6651152BF9075B00E4FA4A /* Resources */,
				DD6651142BF9073300E4FA4A /* App */,
				DD6651022BF7F60C00E4FA4A /* Info.plist */,
			);
			path = GameList;
			sourceTree = "<group>";
		};
		DD6651112BF9071A00E4FA4A /* Screens */ = {
			isa = PBXGroup;
			children = (
				DD6651132BF9072A00E4FA4A /* Detail */,
				DD6651122BF9072100E4FA4A /* Home */,
			);
			path = Screens;
			sourceTree = "<group>";
		};
		DD6651122BF9072100E4FA4A /* Home */ = {
			isa = PBXGroup;
			children = (
				DD6651182BF90F4800E4FA4A /* Cell */,
				DD6650F52BF7F60A00E4FA4A /* HomeViewController.swift */,
				DD66510A2BF80A1100E4FA4A /* GameModel.swift */,
			);
			path = Home;
			sourceTree = "<group>";
		};
		DD6651132BF9072A00E4FA4A /* Detail */ = {
			isa = PBXGroup;
			children = (
			);
			path = Detail;
			sourceTree = "<group>";
		};
		DD6651142BF9073300E4FA4A /* App */ = {
			isa = PBXGroup;
			children = (
				DD6650F12BF7F60A00E4FA4A /* AppDelegate.swift */,
				DD6650F32BF7F60A00E4FA4A /* SceneDelegate.swift */,
				DD6650F72BF7F60A00E4FA4A /* Main.storyboard */,
				DD6650FF2BF7F60C00E4FA4A /* LaunchScreen.storyboard */,
			);
			path = App;
			sourceTree = "<group>";
		};
		DD6651152BF9075B00E4FA4A /* Resources */ = {
			isa = PBXGroup;
			children = (
				DD6651242BF92CC000E4FA4A /* Fonts */,
				DD6651172BF90C8300E4FA4A /* Network */,
				DD6651162BF9078E00E4FA4A /* Extensions */,
				DD6651112BF9071A00E4FA4A /* Screens */,
				DD6650FD2BF7F60C00E4FA4A /* Assets.xcassets */,
				DD6650FA2BF7F60A00E4FA4A /* GameList.xcdatamodeld */,
			);
			path = Resources;
			sourceTree = "<group>";
		};
		DD6651162BF9078E00E4FA4A /* Extensions */ = {
			isa = PBXGroup;
			children = (
				DD66510F2BF816F500E4FA4A /* ImageViewExtension.swift */,
				DD66511D2BF910B000E4FA4A /* HexToColorExtension.swift */,
			);
			path = Extensions;
			sourceTree = "<group>";
		};
		DD6651172BF90C8300E4FA4A /* Network */ = {
			isa = PBXGroup;
			children = (
				DD6651082BF7F63000E4FA4A /* NetworkManager.swift */,
			);
			path = Network;
			sourceTree = "<group>";
		};
		DD6651182BF90F4800E4FA4A /* Cell */ = {
			isa = PBXGroup;
			children = (
				DD6651192BF90F6300E4FA4A /* GameCell.swift */,
				DD66511A2BF90F6300E4FA4A /* GameCell.xib */,
			);
			path = Cell;
			sourceTree = "<group>";
		};
		DD6651242BF92CC000E4FA4A /* Fonts */ = {
			isa = PBXGroup;
			children = (
				DD66513C2BF9485C00E4FA4A /* PermanentMarker-Regular.ttf */,
				DD6651292BF92E3800E4FA4A /* OldGameFatty.ttf */,
			);
			path = Fonts;
			sourceTree = "<group>";
		};
/* End PBXGroup section */

/* Begin PBXNativeTarget section */
		DD6650ED2BF7F60A00E4FA4A /* GameList */ = {
			isa = PBXNativeTarget;
			buildConfigurationList = DD6651052BF7F60C00E4FA4A /* Build configuration list for PBXNativeTarget "GameList" */;
			buildPhases = (
				DD6650EA2BF7F60A00E4FA4A /* Sources */,
				DD6650EB2BF7F60A00E4FA4A /* Frameworks */,
				DD6650EC2BF7F60A00E4FA4A /* Resources */,
			);
			buildRules = (
			);
			dependencies = (
			);
			name = GameList;
			packageProductDependencies = (
				DD6651202BF9288C00E4FA4A /* SDWebImage */,
				DD6651222BF9288C00E4FA4A /* SDWebImageMapKit */,
			);
			productName = GameList;
			productReference = DD6650EE2BF7F60A00E4FA4A /* GameList.app */;
			productType = "com.apple.product-type.application";
		};
/* End PBXNativeTarget section */

/* Begin PBXProject section */
		DD6650E62BF7F60A00E4FA4A /* Project object */ = {
			isa = PBXProject;
			attributes = {
				BuildIndependentTargetsInParallel = 1;
				LastSwiftUpdateCheck = 1530;
				LastUpgradeCheck = 1530;
				TargetAttributes = {
					DD6650ED2BF7F60A00E4FA4A = {
						CreatedOnToolsVersion = 15.3;
					};
				};
			};
			buildConfigurationList = DD6650E92BF7F60A00E4FA4A /* Build configuration list for PBXProject "GameList" */;
			compatibilityVersion = "Xcode 14.0";
			developmentRegion = en;
			hasScannedForEncodings = 0;
			knownRegions = (
				en,
				Base,
			);
			mainGroup = DD6650E52BF7F60A00E4FA4A;
			packageReferences = (
				DD66511F2BF9288C00E4FA4A /* XCRemoteSwiftPackageReference "SDWebImage" */,
			);
			productRefGroup = DD6650EF2BF7F60A00E4FA4A /* Products */;
			projectDirPath = "";
			projectRoot = "";
			targets = (
				DD6650ED2BF7F60A00E4FA4A /* GameList */,
			);
		};
/* End PBXProject section */

/* Begin PBXResourcesBuildPhase section */
		DD6650EC2BF7F60A00E4FA4A /* Resources */ = {
			isa = PBXResourcesBuildPhase;
			buildActionMask = 2147483647;
			files = (
				DD66512A2BF92E3800E4FA4A /* OldGameFatty.ttf in Resources */,
				DD6650FE2BF7F60C00E4FA4A /* Assets.xcassets in Resources */,
				DD6651012BF7F60C00E4FA4A /* Base in Resources */,
				DD6650F92BF7F60A00E4FA4A /* Base in Resources */,
				DD66513D2BF9485C00E4FA4A /* PermanentMarker-Regular.ttf in Resources */,
				DD66511B2BF90F6300E4FA4A /* GameCell.xib in Resources */,
			);
			runOnlyForDeploymentPostprocessing = 0;
		};
/* End PBXResourcesBuildPhase section */

/* Begin PBXSourcesBuildPhase section */
		DD6650EA2BF7F60A00E4FA4A /* Sources */ = {
			isa = PBXSourcesBuildPhase;
			buildActionMask = 2147483647;
			files = (
				DD6650F62BF7F60A00E4FA4A /* HomeViewController.swift in Sources */,
				DD6651102BF816F500E4FA4A /* ImageViewExtension.swift in Sources */,
				DD6650F22BF7F60A00E4FA4A /* AppDelegate.swift in Sources */,
				DD66511C2BF90F6300E4FA4A /* GameCell.swift in Sources */,
				DD6651092BF7F63000E4FA4A /* NetworkManager.swift in Sources */,
				DD66510B2BF80A1100E4FA4A /* GameModel.swift in Sources */,
				DD66511E2BF910B000E4FA4A /* HexToColorExtension.swift in Sources */,
				DD6650F42BF7F60A00E4FA4A /* SceneDelegate.swift in Sources */,
				DD6650FC2BF7F60A00E4FA4A /* GameList.xcdatamodeld in Sources */,
			);
			runOnlyForDeploymentPostprocessing = 0;
		};
/* End PBXSourcesBuildPhase section */

/* Begin PBXVariantGroup section */
		DD6650F72BF7F60A00E4FA4A /* Main.storyboard */ = {
			isa = PBXVariantGroup;
			children = (
				DD6650F82BF7F60A00E4FA4A /* Base */,
			);
			name = Main.storyboard;
			sourceTree = "<group>";
		};
		DD6650FF2BF7F60C00E4FA4A /* LaunchScreen.storyboard */ = {
			isa = PBXVariantGroup;
			children = (
				DD6651002BF7F60C00E4FA4A /* Base */,
			);
			name = LaunchScreen.storyboard;
			sourceTree = "<group>";
		};
/* End PBXVariantGroup section */

/* Begin XCBuildConfiguration section */
		DD6651032BF7F60C00E4FA4A /* Debug */ = {
			isa = XCBuildConfiguration;
			buildSettings = {
				ALWAYS_SEARCH_USER_PATHS = NO;
				ASSETCATALOG_COMPILER_GENERATE_SWIFT_ASSET_SYMBOL_EXTENSIONS = YES;
				CLANG_ANALYZER_NONNULL = YES;
				CLANG_ANALYZER_NUMBER_OBJECT_CONVERSION = YES_AGGRESSIVE;
				CLANG_CXX_LANGUAGE_STANDARD = "gnu++20";
				CLANG_ENABLE_MODULES = YES;
				CLANG_ENABLE_OBJC_ARC = YES;
				CLANG_ENABLE_OBJC_WEAK = YES;
				CLANG_WARN_BLOCK_CAPTURE_AUTORELEASING = YES;
				CLANG_WARN_BOOL_CONVERSION = YES;
				CLANG_WARN_COMMA = YES;
				CLANG_WARN_CONSTANT_CONVERSION = YES;
				CLANG_WARN_DEPRECATED_OBJC_IMPLEMENTATIONS = YES;
				CLANG_WARN_DIRECT_OBJC_ISA_USAGE = YES_ERROR;
				CLANG_WARN_DOCUMENTATION_COMMENTS = YES;
				CLANG_WARN_EMPTY_BODY = YES;
				CLANG_WARN_ENUM_CONVERSION = YES;
				CLANG_WARN_INFINITE_RECURSION = YES;
				CLANG_WARN_INT_CONVERSION = YES;
				CLANG_WARN_NON_LITERAL_NULL_CONVERSION = YES;
				CLANG_WARN_OBJC_IMPLICIT_RETAIN_SELF = YES;
				CLANG_WARN_OBJC_LITERAL_CONVERSION = YES;
				CLANG_WARN_OBJC_ROOT_CLASS = YES_ERROR;
				CLANG_WARN_QUOTED_INCLUDE_IN_FRAMEWORK_HEADER = YES;
				CLANG_WARN_RANGE_LOOP_ANALYSIS = YES;
				CLANG_WARN_STRICT_PROTOTYPES = YES;
				CLANG_WARN_SUSPICIOUS_MOVE = YES;
				CLANG_WARN_UNGUARDED_AVAILABILITY = YES_AGGRESSIVE;
				CLANG_WARN_UNREACHABLE_CODE = YES;
				CLANG_WARN__DUPLICATE_METHOD_MATCH = YES;
				COPY_PHASE_STRIP = NO;
				DEBUG_INFORMATION_FORMAT = dwarf;
				ENABLE_STRICT_OBJC_MSGSEND = YES;
				ENABLE_TESTABILITY = YES;
				ENABLE_USER_SCRIPT_SANDBOXING = YES;
				GCC_C_LANGUAGE_STANDARD = gnu17;
				GCC_DYNAMIC_NO_PIC = NO;
				GCC_NO_COMMON_BLOCKS = YES;
				GCC_OPTIMIZATION_LEVEL = 0;
				GCC_PREPROCESSOR_DEFINITIONS = (
					"DEBUG=1",
					"$(inherited)",
				);
				GCC_WARN_64_TO_32_BIT_CONVERSION = YES;
				GCC_WARN_ABOUT_RETURN_TYPE = YES_ERROR;
				GCC_WARN_UNDECLARED_SELECTOR = YES;
				GCC_WARN_UNINITIALIZED_AUTOS = YES_AGGRESSIVE;
				GCC_WARN_UNUSED_FUNCTION = YES;
				GCC_WARN_UNUSED_VARIABLE = YES;
				IPHONEOS_DEPLOYMENT_TARGET = 15.0;
				LOCALIZATION_PREFERS_STRING_CATALOGS = YES;
				MTL_ENABLE_DEBUG_INFO = INCLUDE_SOURCE;
				MTL_FAST_MATH = YES;
				ONLY_ACTIVE_ARCH = YES;
				SDKROOT = iphoneos;
				SWIFT_ACTIVE_COMPILATION_CONDITIONS = "DEBUG $(inherited)";
				SWIFT_OPTIMIZATION_LEVEL = "-Onone";
			};
			name = Debug;
		};
		DD6651042BF7F60C00E4FA4A /* Release */ = {
			isa = XCBuildConfiguration;
			buildSettings = {
				ALWAYS_SEARCH_USER_PATHS = NO;
				ASSETCATALOG_COMPILER_GENERATE_SWIFT_ASSET_SYMBOL_EXTENSIONS = YES;
				CLANG_ANALYZER_NONNULL = YES;
				CLANG_ANALYZER_NUMBER_OBJECT_CONVERSION = YES_AGGRESSIVE;
				CLANG_CXX_LANGUAGE_STANDARD = "gnu++20";
				CLANG_ENABLE_MODULES = YES;
				CLANG_ENABLE_OBJC_ARC = YES;
				CLANG_ENABLE_OBJC_WEAK = YES;
				CLANG_WARN_BLOCK_CAPTURE_AUTORELEASING = YES;
				CLANG_WARN_BOOL_CONVERSION = YES;
				CLANG_WARN_COMMA = YES;
				CLANG_WARN_CONSTANT_CONVERSION = YES;
				CLANG_WARN_DEPRECATED_OBJC_IMPLEMENTATIONS = YES;
				CLANG_WARN_DIRECT_OBJC_ISA_USAGE = YES_ERROR;
				CLANG_WARN_DOCUMENTATION_COMMENTS = YES;
				CLANG_WARN_EMPTY_BODY = YES;
				CLANG_WARN_ENUM_CONVERSION = YES;
				CLANG_WARN_INFINITE_RECURSION = YES;
				CLANG_WARN_INT_CONVERSION = YES;
				CLANG_WARN_NON_LITERAL_NULL_CONVERSION = YES;
				CLANG_WARN_OBJC_IMPLICIT_RETAIN_SELF = YES;
				CLANG_WARN_OBJC_LITERAL_CONVERSION = YES;
				CLANG_WARN_OBJC_ROOT_CLASS = YES_ERROR;
				CLANG_WARN_QUOTED_INCLUDE_IN_FRAMEWORK_HEADER = YES;
				CLANG_WARN_RANGE_LOOP_ANALYSIS = YES;
				CLANG_WARN_STRICT_PROTOTYPES = YES;
				CLANG_WARN_SUSPICIOUS_MOVE = YES;
				CLANG_WARN_UNGUARDED_AVAILABILITY = YES_AGGRESSIVE;
				CLANG_WARN_UNREACHABLE_CODE = YES;
				CLANG_WARN__DUPLICATE_METHOD_MATCH = YES;
				COPY_PHASE_STRIP = NO;
				DEBUG_INFORMATION_FORMAT = "dwarf-with-dsym";
				ENABLE_NS_ASSERTIONS = NO;
				ENABLE_STRICT_OBJC_MSGSEND = YES;
				ENABLE_USER_SCRIPT_SANDBOXING = YES;
				GCC_C_LANGUAGE_STANDARD = gnu17;
				GCC_NO_COMMON_BLOCKS = YES;
				GCC_WARN_64_TO_32_BIT_CONVERSION = YES;
				GCC_WARN_ABOUT_RETURN_TYPE = YES_ERROR;
				GCC_WARN_UNDECLARED_SELECTOR = YES;
				GCC_WARN_UNINITIALIZED_AUTOS = YES_AGGRESSIVE;
				GCC_WARN_UNUSED_FUNCTION = YES;
				GCC_WARN_UNUSED_VARIABLE = YES;
				IPHONEOS_DEPLOYMENT_TARGET = 15.0;
				LOCALIZATION_PREFERS_STRING_CATALOGS = YES;
				MTL_ENABLE_DEBUG_INFO = NO;
				MTL_FAST_MATH = YES;
				SDKROOT = iphoneos;
				SWIFT_COMPILATION_MODE = wholemodule;
				VALIDATE_PRODUCT = YES;
			};
			name = Release;
		};
		DD6651062BF7F60C00E4FA4A /* Debug */ = {
			isa = XCBuildConfiguration;
			buildSettings = {
				ASSETCATALOG_COMPILER_APPICON_NAME = AppIcon;
				ASSETCATALOG_COMPILER_GLOBAL_ACCENT_COLOR_NAME = AccentColor;
				CODE_SIGN_STYLE = Automatic;
				CURRENT_PROJECT_VERSION = 1;
				GENERATE_INFOPLIST_FILE = YES;
				INFOPLIST_FILE = GameList/Info.plist;
				INFOPLIST_KEY_UIApplicationSupportsIndirectInputEvents = YES;
				INFOPLIST_KEY_UILaunchStoryboardName = LaunchScreen;
				INFOPLIST_KEY_UIMainStoryboardFile = Main;
				INFOPLIST_KEY_UISupportedInterfaceOrientations_iPad = "UIInterfaceOrientationPortrait UIInterfaceOrientationPortraitUpsideDown UIInterfaceOrientationLandscapeLeft UIInterfaceOrientationLandscapeRight";
				INFOPLIST_KEY_UISupportedInterfaceOrientations_iPhone = "UIInterfaceOrientationPortrait UIInterfaceOrientationLandscapeLeft UIInterfaceOrientationLandscapeRight";
				LD_RUNPATH_SEARCH_PATHS = (
					"$(inherited)",
					"@executable_path/Frameworks",
				);
				MARKETING_VERSION = 1.0;
				PRODUCT_BUNDLE_IDENTIFIER = First.GameList;
				PRODUCT_NAME = "$(TARGET_NAME)";
				SWIFT_EMIT_LOC_STRINGS = YES;
				SWIFT_VERSION = 5.0;
				TARGETED_DEVICE_FAMILY = "1,2";
			};
			name = Debug;
		};
		DD6651072BF7F60C00E4FA4A /* Release */ = {
			isa = XCBuildConfiguration;
			buildSettings = {
				ASSETCATALOG_COMPILER_APPICON_NAME = AppIcon;
				ASSETCATALOG_COMPILER_GLOBAL_ACCENT_COLOR_NAME = AccentColor;
				CODE_SIGN_STYLE = Automatic;
				CURRENT_PROJECT_VERSION = 1;
				GENERATE_INFOPLIST_FILE = YES;
				INFOPLIST_FILE = GameList/Info.plist;
				INFOPLIST_KEY_UIApplicationSupportsIndirectInputEvents = YES;
				INFOPLIST_KEY_UILaunchStoryboardName = LaunchScreen;
				INFOPLIST_KEY_UIMainStoryboardFile = Main;
				INFOPLIST_KEY_UISupportedInterfaceOrientations_iPad = "UIInterfaceOrientationPortrait UIInterfaceOrientationPortraitUpsideDown UIInterfaceOrientationLandscapeLeft UIInterfaceOrientationLandscapeRight";
				INFOPLIST_KEY_UISupportedInterfaceOrientations_iPhone = "UIInterfaceOrientationPortrait UIInterfaceOrientationLandscapeLeft UIInterfaceOrientationLandscapeRight";
				LD_RUNPATH_SEARCH_PATHS = (
					"$(inherited)",
					"@executable_path/Frameworks",
				);
				MARKETING_VERSION = 1.0;
				PRODUCT_BUNDLE_IDENTIFIER = First.GameList;
				PRODUCT_NAME = "$(TARGET_NAME)";
				SWIFT_EMIT_LOC_STRINGS = YES;
				SWIFT_VERSION = 5.0;
				TARGETED_DEVICE_FAMILY = "1,2";
			};
			name = Release;
		};
/* End XCBuildConfiguration section */

/* Begin XCConfigurationList section */
		DD6650E92BF7F60A00E4FA4A /* Build configuration list for PBXProject "GameList" */ = {
			isa = XCConfigurationList;
			buildConfigurations = (
				DD6651032BF7F60C00E4FA4A /* Debug */,
				DD6651042BF7F60C00E4FA4A /* Release */,
			);
			defaultConfigurationIsVisible = 0;
			defaultConfigurationName = Release;
		};
		DD6651052BF7F60C00E4FA4A /* Build configuration list for PBXNativeTarget "GameList" */ = {
			isa = XCConfigurationList;
			buildConfigurations = (
				DD6651062BF7F60C00E4FA4A /* Debug */,
				DD6651072BF7F60C00E4FA4A /* Release */,
			);
			defaultConfigurationIsVisible = 0;
			defaultConfigurationName = Release;
		};
/* End XCConfigurationList section */

/* Begin XCRemoteSwiftPackageReference section */
		DD66511F2BF9288C00E4FA4A /* XCRemoteSwiftPackageReference "SDWebImage" */ = {
			isa = XCRemoteSwiftPackageReference;
			repositoryURL = "https://github.com/SDWebImage/SDWebImage";
			requirement = {
				kind = upToNextMajorVersion;
				minimumVersion = 5.19.2;
			};
		};
/* End XCRemoteSwiftPackageReference section */

/* Begin XCSwiftPackageProductDependency section */
		DD6651202BF9288C00E4FA4A /* SDWebImage */ = {
			isa = XCSwiftPackageProductDependency;
			package = DD66511F2BF9288C00E4FA4A /* XCRemoteSwiftPackageReference "SDWebImage" */;
			productName = SDWebImage;
		};
		DD6651222BF9288C00E4FA4A /* SDWebImageMapKit */ = {
			isa = XCSwiftPackageProductDependency;
			package = DD66511F2BF9288C00E4FA4A /* XCRemoteSwiftPackageReference "SDWebImage" */;
			productName = SDWebImageMapKit;
		};
/* End XCSwiftPackageProductDependency section */

/* Begin XCVersionGroup section */
		DD6650FA2BF7F60A00E4FA4A /* GameList.xcdatamodeld */ = {
			isa = XCVersionGroup;
			children = (
				DD6650FB2BF7F60A00E4FA4A /* GameList.xcdatamodel */,
			);
			currentVersion = DD6650FB2BF7F60A00E4FA4A /* GameList.xcdatamodel */;
			path = GameList.xcdatamodeld;
			sourceTree = "<group>";
			versionGroupType = wrapper.xcdatamodel;
		};
/* End XCVersionGroup section */
	};
	rootObject = DD6650E62BF7F60A00E4FA4A /* Project object */;
}
